
Microsoft Visual Studio Solution File, Format Version 12.00
# Visual Studio Version 17
VisualStudioVersion = 17.0.32014.148
MinimumVisualStudioVersion = 10.0.40219.1
Project("{9A19103F-16F7-4668-BE54-9A1E7A4F7556}") = "ContactWebEFCore5", "ContactWebEFCore5\ContactWebEFCore5.csproj", "{EC2CA649-7B10-4AAF-AB71-E8C0910A4AD4}"
EndProject
Project("{FAE04EC0-301F-11D3-BF4B-00C04F79EFBC}") = "ContactWebModels", "ContactWebModels\ContactWebModels.csproj", "{2B57B7DF-9B40-497B-A810-8F512CC1EB27}"
EndProject
Project("{FAE04EC0-301F-11D3-BF4B-00C04F79EFBC}") = "MyContactManagerData", "MyContactManagerData\MyContactManagerData.csproj", "{DCED318A-1A31-43F7-B37B-CD87D13B91F1}"
EndProject
Project("{FAE04EC0-301F-11D3-BF4B-00C04F79EFBC}") = "MyContactManagerRepositories", "MuContactManagerRepositories\MyContactManagerRepositories.csproj", "{82D9C814-1144-4EBD-8DDE-CEE0FE4382A1}"
EndProject
Project("{FAE04EC0-301F-11D3-BF4B-00C04F79EFBC}") = "MyContactManagerServices", "MyContactManagerServices\MyContactManagerServices.csproj", "{6037DB67-92D7-4DFE-8629-8404B2F7906D}"
EndProject
Project("{FAE04EC0-301F-11D3-BF4B-00C04F79EFBC}") = "MyContactManagerUnitTests", "MyContactManagerUnitTests\MyContactManagerUnitTests.csproj", "{155EC126-347E-4A6F-9246-E2DD0F6C0309}"
EndProject
Project("{FAE04EC0-301F-11D3-BF4B-00C04F79EFBC}") = "MyContactManagerIntegrationTests", "MyContactManagerIntegrationTests\MyContactManagerIntegrationTests.csproj", "{C9B1F29A-7BAA-4939-A6A0-6831D2BAEC8F}"
EndProject
Global
	GlobalSection(SolutionConfigurationPlatforms) = preSolution
		Debug|Any CPU = Debug|Any CPU
		Release|Any CPU = Release|Any CPU
	EndGlobalSection
	GlobalSection(ProjectConfigurationPlatforms) = postSolution
		{EC2CA649-7B10-4AAF-AB71-E8C0910A4AD4}.Debug|Any CPU.ActiveCfg = Debug|Any CPU
		{EC2CA649-7B10-4AAF-AB71-E8C0910A4AD4}.Debug|Any CPU.Build.0 = Debug|Any CPU
		{EC2CA649-7B10-4AAF-AB71-E8C0910A4AD4}.Release|Any CPU.ActiveCfg = Release|Any CPU
		{EC2CA649-7B10-4AAF-AB71-E8C0910A4AD4}.Release|Any CPU.Build.0 = Release|Any CPU
		{2B57B7DF-9B40-497B-A810-8F512CC1EB27}.Debug|Any CPU.ActiveCfg = Debug|Any CPU
		{2B57B7DF-9B40-497B-A810-8F512CC1EB27}.Debug|Any CPU.Build.0 = Debug|Any CPU
		{2B57B7DF-9B40-497B-A810-8F512CC1EB27}.Release|Any CPU.ActiveCfg = Release|Any CPU
		{2B57B7DF-9B40-497B-A810-8F512CC1EB27}.Release|Any CPU.Build.0 = Release|Any CPU
		{DCED318A-1A31-43F7-B37B-CD87D13B91F1}.Debug|Any CPU.ActiveCfg = Debug|Any CPU
		{DCED318A-1A31-43F7-B37B-CD87D13B91F1}.Debug|Any CPU.Build.0 = Debug|Any CPU
		{DCED318A-1A31-43F7-B37B-CD87D13B91F1}.Release|Any CPU.ActiveCfg = Release|Any CPU
		{DCED318A-1A31-43F7-B37B-CD87D13B91F1}.Release|Any CPU.Build.0 = Release|Any CPU
		{82D9C814-1144-4EBD-8DDE-CEE0FE4382A1}.Debug|Any CPU.ActiveCfg = Debug|Any CPU
		{82D9C814-1144-4EBD-8DDE-CEE0FE4382A1}.Debug|Any CPU.Build.0 = Debug|Any CPU
		{82D9C814-1144-4EBD-8DDE-CEE0FE4382A1}.Release|Any CPU.ActiveCfg = Release|Any CPU
		{82D9C814-1144-4EBD-8DDE-CEE0FE4382A1}.Release|Any CPU.Build.0 = Release|Any CPU
		{6037DB67-92D7-4DFE-8629-8404B2F7906D}.Debug|Any CPU.ActiveCfg = Debug|Any CPU
		{6037DB67-92D7-4DFE-8629-8404B2F7906D}.Debug|Any CPU.Build.0 = Debug|Any CPU
		{6037DB67-92D7-4DFE-8629-8404B2F7906D}.Release|Any CPU.ActiveCfg = Release|Any CPU
		{6037DB67-92D7-4DFE-8629-8404B2F7906D}.Release|Any CPU.Build.0 = Release|Any CPU
		{155EC126-347E-4A6F-9246-E2DD0F6C0309}.Debug|Any CPU.ActiveCfg = Debug|Any CPU
		{155EC126-347E-4A6F-9246-E2DD0F6C0309}.Debug|Any CPU.Build.0 = Debug|Any CPU
		{155EC126-347E-4A6F-9246-E2DD0F6C0309}.Release|Any CPU.ActiveCfg = Release|Any CPU
		{155EC126-347E-4A6F-9246-E2DD0F6C0309}.Release|Any CPU.Build.0 = Release|Any CPU
		{C9B1F29A-7BAA-4939-A6A0-6831D2BAEC8F}.Debug|Any CPU.ActiveCfg = Debug|Any CPU
		{C9B1F29A-7BAA-4939-A6A0-6831D2BAEC8F}.Debug|Any CPU.Build.0 = Debug|Any CPU
		{C9B1F29A-7BAA-4939-A6A0-6831D2BAEC8F}.Release|Any CPU.ActiveCfg = Release|Any CPU
		{C9B1F29A-7BAA-4939-A6A0-6831D2BAEC8F}.Release|Any CPU.Build.0 = Release|Any CPU
	EndGlobalSection
	GlobalSection(SolutionProperties) = preSolution
		HideSolutionNode = FALSE
	EndGlobalSection
	GlobalSection(ExtensibilityGlobals) = postSolution
		SolutionGuid = {72CABED7-97FA-4161-A36B-49ECF5262070}
	EndGlobalSection
EndGlobal
